
Microsoft Visual Studio Solution File, Format Version 12.00
# Visual Studio Version 17
VisualStudioVersion = 17.7.34031.279
MinimumVisualStudioVersion = 10.0.40219.1
Project("{FAE04EC0-301F-11D3-BF4B-00C04F79EFBC}") = "SyntaxHighlighterSample", "SyntaxHighlighterSample\SyntaxHighlighterSample.csproj", "{6C0E9380-E5FC-419B-A3BA-828E348E36CA}"
EndProject
Global
	GlobalSection(SolutionConfigurationPlatforms) = preSolution
		Debug|Any CPU = Debug|Any CPU
		Release|Any CPU = Release|Any CPU
	EndGlobalSection
	GlobalSection(ProjectConfigurationPlatforms) = postSolution
		{6C0E9380-E5FC-419B-A3BA-828E348E36CA}.Debug|Any CPU.ActiveCfg = Debug|Any CPU
		{6C0E9380-E5FC-419B-A3BA-828E348E36CA}.Debug|Any CPU.Build.0 = Debug|Any CPU
		{6C0E9380-E5FC-419B-A3BA-828E348E36CA}.Release|Any CPU.ActiveCfg = Release|Any CPU
		{6C0E9380-E5FC-419B-A3BA-828E348E36CA}.Release|Any CPU.Build.0 = Release|Any CPU
	EndGlobalSection
	GlobalSection(SolutionProperties) = preSolution
		HideSolutionNode = FALSE
	EndGlobalSection
	GlobalSection(ExtensibilityGlobals) = postSolution
		SolutionGuid = {D8536FD6-560C-497B-AF7B-15DC5F1DEF37}
	EndGlobalSection
EndGlobal
